// !$*UTF8*$!
{
	archiveVersion = 1;
	classes = {
	};
	objectVersion = 46;
	objects = {

/* Begin PBXBuildFile section */
		A6498DD81D1A403C00ADD9E1 /* main.m in Sources */ = {isa = PBXBuildFile; fileRef = A6498DD71D1A403C00ADD9E1 /* main.m */; };
		A6498DDB1D1A403C00ADD9E1 /* AppDelegate.m in Sources */ = {isa = PBXBuildFile; fileRef = A6498DDA1D1A403C00ADD9E1 /* AppDelegate.m */; };
		A6498DDE1D1A403C00ADD9E1 /* ViewController.m in Sources */ = {isa = PBXBuildFile; fileRef = A6498DDD1D1A403C00ADD9E1 /* ViewController.m */; };
		A6498DE11D1A403C00ADD9E1 /* Main.storyboard in Resources */ = {isa = PBXBuildFile; fileRef = A6498DDF1D1A403C00ADD9E1 /* Main.storyboard */; };
		A6498DE31D1A403C00ADD9E1 /* Assets.xcassets in Resources */ = {isa = PBXBuildFile; fileRef = A6498DE21D1A403C00ADD9E1 /* Assets.xcassets */; };
		A6498DE61D1A403C00ADD9E1 /* LaunchScreen.storyboard in Resources */ = {isa = PBXBuildFile; fileRef = A6498DE41D1A403C00ADD9E1 /* LaunchScreen.storyboard */; };
/* End PBXBuildFile section */

/* Begin PBXFileReference section */
		A6498DD31D1A403C00ADD9E1 /* YYModel-Demo.app */ = {isa = PBXFileReference; explicitFileType = wrapper.application; includeInIndex = 0; path = "YYModel-Demo.app"; sourceTree = BUILT_PRODUCTS_DIR; };
		A6498DD71D1A403C00ADD9E1 /* main.m */ = {isa = PBXFileReference; lastKnownFileType = sourcecode.c.objc; path = main.m; sourceTree = "<group>"; };
		A6498DD91D1A403C00ADD9E1 /* AppDelegate.h */ = {isa = PBXFileReference; lastKnownFileType = sourcecode.c.h; path = AppDelegate.h; sourceTree = "<group>"; };
		A6498DDA1D1A403C00ADD9E1 /* AppDelegate.m */ = {isa = PBXFileReference; lastKnownFileType = sourcecode.c.objc; path = AppDelegate.m; sourceTree = "<group>"; };
		A6498DDC1D1A403C00ADD9E1 /* ViewController.h */ = {isa = PBXFileReference; lastKnownFileType = sourcecode.c.h; path = ViewController.h; sourceTree = "<group>"; };
		A6498DDD1D1A403C00ADD9E1 /* ViewController.m */ = {isa = PBXFileReference; lastKnownFileType = sourcecode.c.objc; path = ViewController.m; sourceTree = "<group>"; };
		A6498DE01D1A403C00ADD9E1 /* Base */ = {isa = PBXFileReference; lastKnownFileType = file.storyboard; name = Base; path = Base.lproj/Main.storyboard; sourceTree = "<group>"; };
		A6498DE21D1A403C00ADD9E1 /* Assets.xcassets */ = {isa = PBXFileReference; lastKnownFileType = folder.assetcatalog; path = Assets.xcassets; sourceTree = "<group>"; };
		A6498DE51D1A403C00ADD9E1 /* Base */ = {isa = PBXFileReference; lastKnownFileType = file.storyboard; name = Base; path = Base.lproj/LaunchScreen.storyboard; sourceTree = "<group>"; };
		A6498DE71D1A403C00ADD9E1 /* Info.plist */ = {isa = PBXFileReference; lastKnownFileType = text.plist.xml; path = Info.plist; sourceTree = "<group>"; };
/* End PBXFileReference section */

/* Begin PBXFrameworksBuildPhase section */
		A6498DD01D1A403B00ADD9E1 /* Frameworks */ = {
			isa = PBXFrameworksBuildPhase;
			buildActionMask = 2147483647;
			files = (
			);
			runOnlyForDeploymentPostprocessing = 0;
		};
/* End PBXFrameworksBuildPhase section */

/* Begin PBXGroup section */
		A6498DCA1D1A403B00ADD9E1 = {
			isa = PBXGroup;
			children = (
				A6498DD51D1A403C00ADD9E1 /* YYModel-Demo */,
				A6498DD41D1A403C00ADD9E1 /* Products */,
			);
			sourceTree = "<group>";
		};
		A6498DD41D1A403C00ADD9E1 /* Products */ = {
			isa = PBXGroup;
			children = (
				A6498DD31D1A403C00ADD9E1 /* YYModel-Demo.app */,
			);
			name = Products;
			sourceTree = "<group>";
		};
		A6498DD51D1A403C00ADD9E1 /* YYModel-Demo */ = {
			isa = PBXGroup;
			children = (
				A6498DD91D1A403C00ADD9E1 /* AppDelegate.h */,
				A6498DDA1D1A403C00ADD9E1 /* AppDelegate.m */,
				A6498DDC1D1A403C00ADD9E1 /* ViewController.h */,
				A6498DDD1D1A403C00ADD9E1 /* ViewController.m */,
				A6498DDF1D1A403C00ADD9E1 /* Main.storyboard */,
				A6498DE21D1A403C00ADD9E1 /* Assets.xcassets */,
				A6498DE41D1A403C00ADD9E1 /* LaunchScreen.storyboard */,
				A6498DE71D1A403C00ADD9E1 /* Info.plist */,
				A6498DD61D1A403C00ADD9E1 /* Supporting Files */,
			);
			path = "YYModel-Demo";
			sourceTree = "<group>";
		};
		A6498DD61D1A403C00ADD9E1 /* Supporting Files */ = {
			isa = PBXGroup;
			children = (
				A6498DD71D1A403C00ADD9E1 /* main.m */,
			);
			name = "Supporting Files";
			sourceTree = "<group>";
		};
/* End PBXGroup section */

/* Begin PBXNativeTarget section */
		A6498DD21D1A403B00ADD9E1 /* YYModel-Demo */ = {
			isa = PBXNativeTarget;
			buildConfigurationList = A6498DEA1D1A403C00ADD9E1 /* Build configuration list for PBXNativeTarget "YYModel-Demo" */;
			buildPhases = (
				A6498DCF1D1A403B00ADD9E1 /* Sources */,
				A6498DD01D1A403B00ADD9E1 /* Frameworks */,
				A6498DD11D1A403B00ADD9E1 /* Resources */,
			);
			buildRules = (
			);
			dependencies = (
			);
			name = "YYModel-Demo";
			productName = "YYModel-Demo";
			productReference = A6498DD31D1A403C00ADD9E1 /* YYModel-Demo.app */;
			productType = "com.apple.product-type.application";
		};
/* End PBXNativeTarget section */

/* Begin PBXProject section */
		A6498DCB1D1A403B00ADD9E1 /* Project object */ = {
			isa = PBXProject;
			attributes = {
				LastUpgradeCheck = 0730;
				ORGANIZATIONNAME = walker;
				TargetAttributes = {
					A6498DD21D1A403B00ADD9E1 = {
						CreatedOnToolsVersion = 7.3.1;
						DevelopmentTeam = A9DWS95K67;
					};
				};
			};
			buildConfigurationList = A6498DCE1D1A403B00ADD9E1 /* Build configuration list for PBXProject "YYModel-Demo" */;
			compatibilityVersion = "Xcode 3.2";
			developmentRegion = English;
			hasScannedForEncodings = 0;
			knownRegions = (
				en,
				Base,
			);
			mainGroup = A6498DCA1D1A403B00ADD9E1;
			productRefGroup = A6498DD41D1A403C00ADD9E1 /* Products */;
			projectDirPath = "";
			projectRoot = "";
			targets = (
				A6498DD21D1A403B00ADD9E1 /* YYModel-Demo */,
			);
		};
/* End PBXProject section */

/* Begin PBXResourcesBuildPhase section */
		A6498DD11D1A403B00ADD9E1 /* Resources */ = {
			isa = PBXResourcesBuildPhase;
			buildActionMask = 2147483647;
			files = (
				A6498DE61D1A403C00ADD9E1 /* LaunchScreen.storyboard in Resources */,
				A6498DE31D1A403C00ADD9E1 /* Assets.xcassets in Resources */,
				A6498DE11D1A403C00ADD9E1 /* Main.storyboard in Resources */,
			);
			runOnlyForDeploymentPostprocessing = 0;
		};
/* End PBXResourcesBuildPhase section */

/* Begin PBXSourcesBuildPhase section */
		A6498DCF1D1A403B00ADD9E1 /* Sources */ = {
			isa = PBXSourcesBuildPhase;
			buildActionMask = 2147483647;
			files = (
				A6498DDE1D1A403C00ADD9E1 /* ViewController.m in Sources */,
				A6498DDB1D1A403C00ADD9E1 /* AppDelegate.m in Sources */,
				A6498DD81D1A403C00ADD9E1 /* main.m in Sources */,
			);
			runOnlyForDeploymentPostprocessing = 0;
		};
/* End PBXSourcesBuildPhase section */

/* Begin PBXVariantGroup section */
		A6498DDF1D1A403C00ADD9E1 /* Main.storyboard */ = {
			isa = PBXVariantGroup;
			children = (
				A6498DE01D1A403C00ADD9E1 /* Base */,
			);
			name = Main.storyboard;
			sourceTree = "<group>";
		};
		A6498DE41D1A403C00ADD9E1 /* LaunchScreen.storyboard */ = {
			isa = PBXVariantGroup;
			children = (
				A6498DE51D1A403C00ADD9E1 /* Base */,
			);
			name = LaunchScreen.storyboard;
			sourceTree = "<group>";
		};
/* End PBXVariantGroup section */

/* Begin XCBuildConfiguration section */
		A6498DE81D1A403C00ADD9E1 /* Debug */ = {
			isa = XCBuildConfiguration;
			buildSettings = {
				ALWAYS_SEARCH_USER_PATHS = NO;
				CLANG_ANALYZER_NONNULL = YES;
				CLANG_CXX_LANGUAGE_STANDARD = "gnu++0x";
				CLANG_CXX_LIBRARY = "libc++";
				CLANG_ENABLE_MODULES = YES;
				CLANG_ENABLE_OBJC_ARC = YES;
				CLANG_WARN_BOOL_CONVERSION = YES;
				CLANG_WARN_CONSTANT_CONVERSION = YES;
				CLANG_WARN_DIRECT_OBJC_ISA_USAGE = YES_ERROR;
				CLANG_WARN_EMPTY_BODY = YES;
				CLANG_WARN_ENUM_CONVERSION = YES;
				CLANG_WARN_INT_CONVERSION = YES;
				CLANG_WARN_OBJC_ROOT_CLASS = YES_ERROR;
				CLANG_WARN_UNREACHABLE_CODE = YES;
				CLANG_WARN__DUPLICATE_METHOD_MATCH = YES;
				"CODE_SIGN_IDENTITY[sdk=iphoneos*]" = "iPhone Developer";
				COPY_PHASE_STRIP = NO;
				DEBUG_INFORMATION_FORMAT = dwarf;
				ENABLE_STRICT_OBJC_MSGSEND = YES;
				ENABLE_TESTABILITY = YES;
				GCC_C_LANGUAGE_STANDARD = gnu99;
				GCC_DYNAMIC_NO_PIC = NO;
				GCC_NO_COMMON_BLOCKS = YES;
				GCC_OPTIMIZATION_LEVEL = 0;
				GCC_PREPROCESSOR_DEFINITIONS = (
					"DEBUG=1",
					"$(inherited)",
				);
				GCC_WARN_64_TO_32_BIT_CONVERSION = YES;
				GCC_WARN_ABOUT_RETURN_TYPE = YES_ERROR;
				GCC_WARN_UNDECLARED_SELECTOR = YES;
				GCC_WARN_UNINITIALIZED_AUTOS = YES_AGGRESSIVE;
				GCC_WARN_UNUSED_FUNCTION = YES;
				GCC_WARN_UNUSED_VARIABLE = YES;
				IPHONEOS_DEPLOYMENT_TARGET = 9.3;
				MTL_ENABLE_DEBUG_INFO = YES;
				ONLY_ACTIVE_ARCH = YES;
				SDKROOT = iphoneos;
				TARGETED_DEVICE_FAMILY = "1,2";
			};
			name = Debug;
		};
		A6498DE91D1A403C00ADD9E1 /* Release */ = {
			isa = XCBuildConfiguration;
			buildSettings = {
				ALWAYS_SEARCH_USER_PATHS = NO;
				CLANG_ANALYZER_NONNULL = YES;
				CLANG_CXX_LANGUAGE_STANDARD = "gnu++0x";
				CLANG_CXX_LIBRARY = "libc++";
				CLANG_ENABLE_MODULES = YES;
				CLANG_ENABLE_OBJC_ARC = YES;
				CLANG_WARN_BOOL_CONVERSION = YES;
				CLANG_WARN_CONSTANT_CONVERSION = YES;
				CLANG_WARN_DIRECT_OBJC_ISA_USAGE = YES_ERROR;
				CLANG_WARN_EMPTY_BODY = YES;
				CLANG_WARN_ENUM_CONVERSION = YES;
				CLANG_WARN_INT_CONVERSION = YES;
				CLANG_WARN_OBJC_ROOT_CLASS = YES_ERROR;
				CLANG_WARN_UNREACHABLE_CODE = YES;
				CLANG_WARN__DUPLICATE_METHOD_MATCH = YES;
				"CODE_SIGN_IDENTITY[sdk=iphoneos*]" = "iPhone Developer";
				COPY_PHASE_STRIP = NO;
				DEBUG_INFORMATION_FORMAT = "dwarf-with-dsym";
				ENABLE_NS_ASSERTIONS = NO;
				ENABLE_STRICT_OBJC_MSGSEND = YES;
				GCC_C_LANGUAGE_STANDARD = gnu99;
				GCC_NO_COMMON_BLOCKS = YES;
				GCC_WARN_64_TO_32_BIT_CONVERSION = YES;
				GCC_WARN_ABOUT_RETURN_TYPE = YES_ERROR;
				GCC_WARN_UNDECLARED_SELECTOR = YES;
				GCC_WARN_UNINITIALIZED_AUTOS = YES_AGGRESSIVE;
				GCC_WARN_UNUSED_FUNCTION = YES;
				GCC_WARN_UNUSED_VARIABLE = YES;
				IPHONEOS_DEPLOYMENT_TARGET = 9.3;
				MTL_ENABLE_DEBUG_INFO = NO;
				SDKROOT = iphoneos;
				TARGETED_DEVICE_FAMILY = "1,2";
				VALIDATE_PRODUCT = YES;
			};
			name = Release;
		};
		A6498DEB1D1A403C00ADD9E1 /* Debug */ = {
			isa = XCBuildConfiguration;
			buildSettings = {
				ASSETCATALOG_COMPILER_APPICON_NAME = AppIcon;
				INFOPLIST_FILE = "YYModel-Demo/Info.plist";
				LD_RUNPATH_SEARCH_PATHS = "$(inherited) @executable_path/Frameworks";
				PRODUCT_BUNDLE_IDENTIFIER = "cn.sharma.www-bin.YYModel-Demo";
				PRODUCT_NAME = "$(TARGET_NAME)";
			};
			name = Debug;
		};
		A6498DEC1D1A403C00ADD9E1 /* Release */ = {
			isa = XCBuildConfiguration;
			buildSettings = {
				ASSETCATALOG_COMPILER_APPICON_NAME = AppIcon;
				INFOPLIST_FILE = "YYModel-Demo/Info.plist";
				LD_RUNPATH_SEARCH_PATHS = "$(inherited) @executable_path/Frameworks";
				PRODUCT_BUNDLE_IDENTIFIER = "cn.sharma.www-bin.YYModel-Demo";
				PRODUCT_NAME = "$(TARGET_NAME)";
			};
			name = Release;
		};
/* End XCBuildConfiguration section */

/* Begin XCConfigurationList section */
		A6498DCE1D1A403B00ADD9E1 /* Build configuration list for PBXProject "YYModel-Demo" */ = {
			isa = XCConfigurationList;
			buildConfigurations = (
				A6498DE81D1A403C00ADD9E1 /* Debug */,
				A6498DE91D1A403C00ADD9E1 /* Release */,
			);
			defaultConfigurationIsVisible = 0;
			defaultConfigurationName = Release;
		};
		A6498DEA1D1A403C00ADD9E1 /* Build configuration list for PBXNativeTarget "YYModel-Demo" */ = {
			isa = XCConfigurationList;
			buildConfigurations = (
				A6498DEB1D1A403C00ADD9E1 /* Debug */,
				A6498DEC1D1A403C00ADD9E1 /* Release */,
			);
			defaultConfigurationIsVisible = 0;
		};
/* End XCConfigurationList section */
	};
	rootObject = A6498DCB1D1A403B00ADD9E1 /* Project object */;
}
