// !$*UTF8*$!
{
	archiveVersion = 1;
	classes = {
	};
	objectVersion = 46;
	objects = {

/* Begin PBXBuildFile section */
		A60645C01D20CFB400EFA8E6 /* timestamp.json in Resources */ = {isa = PBXBuildFile; fileRef = A60645BF1D20CFB400EFA8E6 /* timestamp.json */; };
		A60645C31D20D01400EFA8E6 /* TimeStampModel.m in Sources */ = {isa = PBXBuildFile; fileRef = A60645C21D20D01400EFA8E6 /* TimeStampModel.m */; };
		A60645C61D20DAE500EFA8E6 /* DemoModel.m in Sources */ = {isa = PBXBuildFile; fileRef = A60645C51D20DAE500EFA8E6 /* DemoModel.m */; };
		A6498DD81D1A403C00ADD9E1 /* main.m in Sources */ = {isa = PBXBuildFile; fileRef = A6498DD71D1A403C00ADD9E1 /* main.m */; };
		A6498DDB1D1A403C00ADD9E1 /* AppDelegate.m in Sources */ = {isa = PBXBuildFile; fileRef = A6498DDA1D1A403C00ADD9E1 /* AppDelegate.m */; };
		A6498DE31D1A403C00ADD9E1 /* Assets.xcassets in Resources */ = {isa = PBXBuildFile; fileRef = A6498DE21D1A403C00ADD9E1 /* Assets.xcassets */; };
		A6498DE61D1A403C00ADD9E1 /* LaunchScreen.storyboard in Resources */ = {isa = PBXBuildFile; fileRef = A6498DE41D1A403C00ADD9E1 /* LaunchScreen.storyboard */; };
		A6498DEF1D1A407800ADD9E1 /* BGTableViewController.m in Sources */ = {isa = PBXBuildFile; fileRef = A6498DEE1D1A407800ADD9E1 /* BGTableViewController.m */; };
		A6498E071D1A40CC00ADD9E1 /* Author.m in Sources */ = {isa = PBXBuildFile; fileRef = A6498DF11D1A40CC00ADD9E1 /* Author.m */; };
		A6498E081D1A40CC00ADD9E1 /* BlacklistAndWhitelist.json in Resources */ = {isa = PBXBuildFile; fileRef = A6498DF31D1A40CC00ADD9E1 /* BlacklistAndWhitelist.json */; };
		A6498E091D1A40CC00ADD9E1 /* BlacklistAndWhitelist.m in Sources */ = {isa = PBXBuildFile; fileRef = A6498DF41D1A40CC00ADD9E1 /* BlacklistAndWhitelist.m */; };
		A6498E0A1D1A40CC00ADD9E1 /* Book.m in Sources */ = {isa = PBXBuildFile; fileRef = A6498DF61D1A40CC00ADD9E1 /* Book.m */; };
		A6498E0B1D1A40CC00ADD9E1 /* ContainerModel.json in Resources */ = {isa = PBXBuildFile; fileRef = A6498DF71D1A40CC00ADD9E1 /* ContainerModel.json */; };
		A6498E0D1D1A40CC00ADD9E1 /* DifferentJSONKey.json in Resources */ = {isa = PBXBuildFile; fileRef = A6498DFB1D1A40CC00ADD9E1 /* DifferentJSONKey.json */; };
		A6498E0E1D1A40CC00ADD9E1 /* DifferentJSONKey.m in Sources */ = {isa = PBXBuildFile; fileRef = A6498DFC1D1A40CC00ADD9E1 /* DifferentJSONKey.m */; };
		A6498E0F1D1A40CC00ADD9E1 /* DoubleModel.json in Resources */ = {isa = PBXBuildFile; fileRef = A6498DFD1D1A40CC00ADD9E1 /* DoubleModel.json */; };
		A6498E121D1A40CC00ADD9E1 /* SimpleModel.json in Resources */ = {isa = PBXBuildFile; fileRef = A6498E021D1A40CC00ADD9E1 /* SimpleModel.json */; };
		A6498E131D1A40CC00ADD9E1 /* User.m in Sources */ = {isa = PBXBuildFile; fileRef = A6498E041D1A40CC00ADD9E1 /* User.m */; };
		A6498E1B1D1A41C400ADD9E1 /* NSObject+YYModel.m in Sources */ = {isa = PBXBuildFile; fileRef = A6498E171D1A41C400ADD9E1 /* NSObject+YYModel.m */; };
		A6498E1C1D1A41C400ADD9E1 /* YYClassInfo.m in Sources */ = {isa = PBXBuildFile; fileRef = A6498E191D1A41C400ADD9E1 /* YYClassInfo.m */; };
		A6498E261D1A437800ADD9E1 /* ContainerModel.m in Sources */ = {isa = PBXBuildFile; fileRef = A6498E251D1A437800ADD9E1 /* ContainerModel.m */; };
		A6498E2A1D1A871500ADD9E1 /* Main.storyboard in Resources */ = {isa = PBXBuildFile; fileRef = A6498E291D1A871500ADD9E1 /* Main.storyboard */; };
/* End PBXBuildFile section */

/* Begin PBXFileReference section */
		A60645BF1D20CFB400EFA8E6 /* timestamp.json */ = {isa = PBXFileReference; fileEncoding = 4; lastKnownFileType = text.json; path = timestamp.json; sourceTree = "<group>"; };
		A60645C11D20D01400EFA8E6 /* TimeStampModel.h */ = {isa = PBXFileReference; fileEncoding = 4; lastKnownFileType = sourcecode.c.h; path = TimeStampModel.h; sourceTree = "<group>"; };
		A60645C21D20D01400EFA8E6 /* TimeStampModel.m */ = {isa = PBXFileReference; fileEncoding = 4; lastKnownFileType = sourcecode.c.objc; path = TimeStampModel.m; sourceTree = "<group>"; };
		A60645C41D20DAE500EFA8E6 /* DemoModel.h */ = {isa = PBXFileReference; fileEncoding = 4; lastKnownFileType = sourcecode.c.h; path = DemoModel.h; sourceTree = "<group>"; };
		A60645C51D20DAE500EFA8E6 /* DemoModel.m */ = {isa = PBXFileReference; fileEncoding = 4; lastKnownFileType = sourcecode.c.objc; path = DemoModel.m; sourceTree = "<group>"; };
		A6498DD31D1A403C00ADD9E1 /* YYModel-Demo.app */ = {isa = PBXFileReference; explicitFileType = wrapper.application; includeInIndex = 0; path = "YYModel-Demo.app"; sourceTree = BUILT_PRODUCTS_DIR; };
		A6498DD71D1A403C00ADD9E1 /* main.m */ = {isa = PBXFileReference; lastKnownFileType = sourcecode.c.objc; path = main.m; sourceTree = "<group>"; };
		A6498DD91D1A403C00ADD9E1 /* AppDelegate.h */ = {isa = PBXFileReference; lastKnownFileType = sourcecode.c.h; path = AppDelegate.h; sourceTree = "<group>"; };
		A6498DDA1D1A403C00ADD9E1 /* AppDelegate.m */ = {isa = PBXFileReference; lastKnownFileType = sourcecode.c.objc; path = AppDelegate.m; sourceTree = "<group>"; };
		A6498DE21D1A403C00ADD9E1 /* Assets.xcassets */ = {isa = PBXFileReference; lastKnownFileType = folder.assetcatalog; path = Assets.xcassets; sourceTree = "<group>"; };
		A6498DE51D1A403C00ADD9E1 /* Base */ = {isa = PBXFileReference; lastKnownFileType = file.storyboard; name = Base; path = Base.lproj/LaunchScreen.storyboard; sourceTree = "<group>"; };
		A6498DE71D1A403C00ADD9E1 /* Info.plist */ = {isa = PBXFileReference; lastKnownFileType = text.plist.xml; path = Info.plist; sourceTree = "<group>"; };
		A6498DED1D1A407800ADD9E1 /* BGTableViewController.h */ = {isa = PBXFileReference; fileEncoding = 4; lastKnownFileType = sourcecode.c.h; path = BGTableViewController.h; sourceTree = "<group>"; };
		A6498DEE1D1A407800ADD9E1 /* BGTableViewController.m */ = {isa = PBXFileReference; fileEncoding = 4; lastKnownFileType = sourcecode.c.objc; path = BGTableViewController.m; sourceTree = "<group>"; };
		A6498DF01D1A40CC00ADD9E1 /* Author.h */ = {isa = PBXFileReference; fileEncoding = 4; lastKnownFileType = sourcecode.c.h; path = Author.h; sourceTree = "<group>"; };
		A6498DF11D1A40CC00ADD9E1 /* Author.m */ = {isa = PBXFileReference; fileEncoding = 4; lastKnownFileType = sourcecode.c.objc; path = Author.m; sourceTree = "<group>"; };
		A6498DF21D1A40CC00ADD9E1 /* BlacklistAndWhitelist.h */ = {isa = PBXFileReference; fileEncoding = 4; lastKnownFileType = sourcecode.c.h; path = BlacklistAndWhitelist.h; sourceTree = "<group>"; };
		A6498DF31D1A40CC00ADD9E1 /* BlacklistAndWhitelist.json */ = {isa = PBXFileReference; fileEncoding = 4; lastKnownFileType = text.json; path = BlacklistAndWhitelist.json; sourceTree = "<group>"; };
		A6498DF41D1A40CC00ADD9E1 /* BlacklistAndWhitelist.m */ = {isa = PBXFileReference; fileEncoding = 4; lastKnownFileType = sourcecode.c.objc; path = BlacklistAndWhitelist.m; sourceTree = "<group>"; };
		A6498DF51D1A40CC00ADD9E1 /* Book.h */ = {isa = PBXFileReference; fileEncoding = 4; lastKnownFileType = sourcecode.c.h; path = Book.h; sourceTree = "<group>"; };
		A6498DF61D1A40CC00ADD9E1 /* Book.m */ = {isa = PBXFileReference; fileEncoding = 4; lastKnownFileType = sourcecode.c.objc; path = Book.m; sourceTree = "<group>"; };
		A6498DF71D1A40CC00ADD9E1 /* ContainerModel.json */ = {isa = PBXFileReference; fileEncoding = 4; lastKnownFileType = text.json; path = ContainerModel.json; sourceTree = "<group>"; };
		A6498DFA1D1A40CC00ADD9E1 /* DifferentJSONKey.h */ = {isa = PBXFileReference; fileEncoding = 4; lastKnownFileType = sourcecode.c.h; path = DifferentJSONKey.h; sourceTree = "<group>"; };
		A6498DFB1D1A40CC00ADD9E1 /* DifferentJSONKey.json */ = {isa = PBXFileReference; fileEncoding = 4; lastKnownFileType = text.json; path = DifferentJSONKey.json; sourceTree = "<group>"; };
		A6498DFC1D1A40CC00ADD9E1 /* DifferentJSONKey.m */ = {isa = PBXFileReference; fileEncoding = 4; lastKnownFileType = sourcecode.c.objc; path = DifferentJSONKey.m; sourceTree = "<group>"; };
		A6498DFD1D1A40CC00ADD9E1 /* DoubleModel.json */ = {isa = PBXFileReference; fileEncoding = 4; lastKnownFileType = text.json; path = DoubleModel.json; sourceTree = "<group>"; };
		A6498E021D1A40CC00ADD9E1 /* SimpleModel.json */ = {isa = PBXFileReference; fileEncoding = 4; lastKnownFileType = text.json; path = SimpleModel.json; sourceTree = "<group>"; };
		A6498E031D1A40CC00ADD9E1 /* User.h */ = {isa = PBXFileReference; fileEncoding = 4; lastKnownFileType = sourcecode.c.h; path = User.h; sourceTree = "<group>"; };
		A6498E041D1A40CC00ADD9E1 /* User.m */ = {isa = PBXFileReference; fileEncoding = 4; lastKnownFileType = sourcecode.c.objc; path = User.m; sourceTree = "<group>"; };
		A6498E161D1A41C400ADD9E1 /* NSObject+YYModel.h */ = {isa = PBXFileReference; fileEncoding = 4; lastKnownFileType = sourcecode.c.h; path = "NSObject+YYModel.h"; sourceTree = "<group>"; };
		A6498E171D1A41C400ADD9E1 /* NSObject+YYModel.m */ = {isa = PBXFileReference; fileEncoding = 4; lastKnownFileType = sourcecode.c.objc; path = "NSObject+YYModel.m"; sourceTree = "<group>"; };
		A6498E181D1A41C400ADD9E1 /* YYClassInfo.h */ = {isa = PBXFileReference; fileEncoding = 4; lastKnownFileType = sourcecode.c.h; path = YYClassInfo.h; sourceTree = "<group>"; };
		A6498E191D1A41C400ADD9E1 /* YYClassInfo.m */ = {isa = PBXFileReference; fileEncoding = 4; lastKnownFileType = sourcecode.c.objc; path = YYClassInfo.m; sourceTree = "<group>"; };
		A6498E1A1D1A41C400ADD9E1 /* YYModel.h */ = {isa = PBXFileReference; fileEncoding = 4; lastKnownFileType = sourcecode.c.h; path = YYModel.h; sourceTree = "<group>"; };
		A6498E241D1A437800ADD9E1 /* ContainerModel.h */ = {isa = PBXFileReference; fileEncoding = 4; lastKnownFileType = sourcecode.c.h; name = ContainerModel.h; path = ../ContainerModel.h; sourceTree = "<group>"; };
		A6498E251D1A437800ADD9E1 /* ContainerModel.m */ = {isa = PBXFileReference; fileEncoding = 4; lastKnownFileType = sourcecode.c.objc; name = ContainerModel.m; path = ../ContainerModel.m; sourceTree = "<group>"; };
		A6498E291D1A871500ADD9E1 /* Main.storyboard */ = {isa = PBXFileReference; fileEncoding = 4; lastKnownFileType = file.storyboard; path = Main.storyboard; sourceTree = "<group>"; };
/* End PBXFileReference section */

/* Begin PBXFrameworksBuildPhase section */
		A6498DD01D1A403B00ADD9E1 /* Frameworks */ = {
			isa = PBXFrameworksBuildPhase;
			buildActionMask = 2147483647;
			files = (
			);
			runOnlyForDeploymentPostprocessing = 0;
		};
/* End PBXFrameworksBuildPhase section */

/* Begin PBXGroup section */
		A6498DCA1D1A403B00ADD9E1 = {
			isa = PBXGroup;
			children = (
				A6498DD51D1A403C00ADD9E1 /* YYModel-Demo */,
				A6498DD41D1A403C00ADD9E1 /* Products */,
			);
			sourceTree = "<group>";
		};
		A6498DD41D1A403C00ADD9E1 /* Products */ = {
			isa = PBXGroup;
			children = (
				A6498DD31D1A403C00ADD9E1 /* YYModel-Demo.app */,
			);
			name = Products;
			sourceTree = "<group>";
		};
		A6498DD51D1A403C00ADD9E1 /* YYModel-Demo */ = {
			isa = PBXGroup;
			children = (
				A6498E151D1A41C400ADD9E1 /* YYModel */,
				A6498DD91D1A403C00ADD9E1 /* AppDelegate.h */,
				A6498DDA1D1A403C00ADD9E1 /* AppDelegate.m */,
				A6498DED1D1A407800ADD9E1 /* BGTableViewController.h */,
				A6498DEE1D1A407800ADD9E1 /* BGTableViewController.m */,
				A6498E1D1D1A423400ADD9E1 /* Json */,
				A6498E221D1A42CB00ADD9E1 /* Model */,
				A6498E231D1A435800ADD9E1 /* ContainModel */,
				A6498E201D1A428300ADD9E1 /* DifferenyJsonKey */,
				A6498E211D1A429300ADD9E1 /* WhiteListAndBlacklist */,
				A6498E1F1D1A425800ADD9E1 /* DoubleModel */,
				A6498E1E1D1A425600ADD9E1 /* SimpleModel */,
				A6498DE21D1A403C00ADD9E1 /* Assets.xcassets */,
				A6498E291D1A871500ADD9E1 /* Main.storyboard */,
				A6498DE41D1A403C00ADD9E1 /* LaunchScreen.storyboard */,
				A6498DE71D1A403C00ADD9E1 /* Info.plist */,
				A6498DD61D1A403C00ADD9E1 /* Supporting Files */,
			);
			path = "YYModel-Demo";
			sourceTree = "<group>";
		};
		A6498DD61D1A403C00ADD9E1 /* Supporting Files */ = {
			isa = PBXGroup;
			children = (
				A6498DD71D1A403C00ADD9E1 /* main.m */,
			);
			name = "Supporting Files";
			sourceTree = "<group>";
		};
		A6498E151D1A41C400ADD9E1 /* YYModel */ = {
			isa = PBXGroup;
			children = (
				A6498E161D1A41C400ADD9E1 /* NSObject+YYModel.h */,
				A6498E171D1A41C400ADD9E1 /* NSObject+YYModel.m */,
				A6498E181D1A41C400ADD9E1 /* YYClassInfo.h */,
				A6498E191D1A41C400ADD9E1 /* YYClassInfo.m */,
				A6498E1A1D1A41C400ADD9E1 /* YYModel.h */,
			);
			path = YYModel;
			sourceTree = "<group>";
		};
		A6498E1D1D1A423400ADD9E1 /* Json */ = {
			isa = PBXGroup;
			children = (
				A6498DF31D1A40CC00ADD9E1 /* BlacklistAndWhitelist.json */,
				A6498DF71D1A40CC00ADD9E1 /* ContainerModel.json */,
				A6498DFB1D1A40CC00ADD9E1 /* DifferentJSONKey.json */,
				A6498DFD1D1A40CC00ADD9E1 /* DoubleModel.json */,
				A6498E021D1A40CC00ADD9E1 /* SimpleModel.json */,
				A60645BF1D20CFB400EFA8E6 /* timestamp.json */,
			);
			name = Json;
			sourceTree = "<group>";
		};
		A6498E1E1D1A425600ADD9E1 /* SimpleModel */ = {
			isa = PBXGroup;
			children = (
				A6498E031D1A40CC00ADD9E1 /* User.h */,
				A6498E041D1A40CC00ADD9E1 /* User.m */,
			);
			name = SimpleModel;
			sourceTree = "<group>";
		};
		A6498E1F1D1A425800ADD9E1 /* DoubleModel */ = {
			isa = PBXGroup;
			children = (
				A6498DF01D1A40CC00ADD9E1 /* Author.h */,
				A6498DF11D1A40CC00ADD9E1 /* Author.m */,
				A6498DF51D1A40CC00ADD9E1 /* Book.h */,
				A6498DF61D1A40CC00ADD9E1 /* Book.m */,
			);
			name = DoubleModel;
			sourceTree = "<group>";
		};
		A6498E201D1A428300ADD9E1 /* DifferenyJsonKey */ = {
			isa = PBXGroup;
			children = (
				A6498DFA1D1A40CC00ADD9E1 /* DifferentJSONKey.h */,
				A6498DFC1D1A40CC00ADD9E1 /* DifferentJSONKey.m */,
			);
			name = DifferenyJsonKey;
			sourceTree = "<group>";
		};
		A6498E211D1A429300ADD9E1 /* WhiteListAndBlacklist */ = {
			isa = PBXGroup;
			children = (
				A6498DF21D1A40CC00ADD9E1 /* BlacklistAndWhitelist.h */,
				A6498DF41D1A40CC00ADD9E1 /* BlacklistAndWhitelist.m */,
			);
			name = WhiteListAndBlacklist;
			sourceTree = "<group>";
		};
		A6498E221D1A42CB00ADD9E1 /* Model */ = {
			isa = PBXGroup;
			children = (
				A6498DFE1D1A40CC00ADD9E1 /* latestExpireBonusModel.h */,
				A6498DFF1D1A40CC00ADD9E1 /* latestExpireBonusModel.m */,
				A6498E051D1A40CC00ADD9E1 /* YGXModel.h */,
				A6498E061D1A40CC00ADD9E1 /* YGXModel.m */,
				A6498E001D1A40CC00ADD9E1 /* ListModel.h */,
				A6498E011D1A40CC00ADD9E1 /* ListModel.m */,
				A6498DF81D1A40CC00ADD9E1 /* DataModel.h */,
				A6498DF91D1A40CC00ADD9E1 /* DataModel.m */,
				A60645C11D20D01400EFA8E6 /* TimeStampModel.h */,
				A60645C21D20D01400EFA8E6 /* TimeStampModel.m */,
			);
			name = Model;
			sourceTree = "<group>";
		};
		A6498E231D1A435800ADD9E1 /* ContainModel */ = {
			isa = PBXGroup;
			children = (
				A6498E241D1A437800ADD9E1 /* ContainerModel.h */,
				A6498E251D1A437800ADD9E1 /* ContainerModel.m */,
				A60645C41D20DAE500EFA8E6 /* DemoModel.h */,
				A60645C51D20DAE500EFA8E6 /* DemoModel.m */,
			);
			name = ContainModel;
			sourceTree = "<group>";
		};
/* End PBXGroup section */

/* Begin PBXNativeTarget section */
		A6498DD21D1A403B00ADD9E1 /* YYModel-Demo */ = {
			isa = PBXNativeTarget;
			buildConfigurationList = A6498DEA1D1A403C00ADD9E1 /* Build configuration list for PBXNativeTarget "YYModel-Demo" */;
			buildPhases = (
				A6498DCF1D1A403B00ADD9E1 /* Sources */,
				A6498DD01D1A403B00ADD9E1 /* Frameworks */,
				A6498DD11D1A403B00ADD9E1 /* Resources */,
			);
			buildRules = (
			);
			dependencies = (
			);
			name = "YYModel-Demo";
			productName = "YYModel-Demo";
			productReference = A6498DD31D1A403C00ADD9E1 /* YYModel-Demo.app */;
			productType = "com.apple.product-type.application";
		};
/* End PBXNativeTarget section */

/* Begin PBXProject section */
		A6498DCB1D1A403B00ADD9E1 /* Project object */ = {
			isa = PBXProject;
			attributes = {
				LastUpgradeCheck = 0730;
				ORGANIZATIONNAME = walker;
				TargetAttributes = {
					A6498DD21D1A403B00ADD9E1 = {
						CreatedOnToolsVersion = 7.3.1;
						DevelopmentTeam = A9DWS95K67;
					};
				};
			};
			buildConfigurationList = A6498DCE1D1A403B00ADD9E1 /* Build configuration list for PBXProject "YYModel-Demo" */;
			compatibilityVersion = "Xcode 3.2";
			developmentRegion = English;
			hasScannedForEncodings = 0;
			knownRegions = (
				en,
				Base,
			);
			mainGroup = A6498DCA1D1A403B00ADD9E1;
			productRefGroup = A6498DD41D1A403C00ADD9E1 /* Products */;
			projectDirPath = "";
			projectRoot = "";
			targets = (
				A6498DD21D1A403B00ADD9E1 /* YYModel-Demo */,
			);
		};
/* End PBXProject section */

/* Begin PBXResourcesBuildPhase section */
		A6498DD11D1A403B00ADD9E1 /* Resources */ = {
			isa = PBXResourcesBuildPhase;
			buildActionMask = 2147483647;
			files = (
				A6498DE61D1A403C00ADD9E1 /* LaunchScreen.storyboard in Resources */,
				A6498DE31D1A403C00ADD9E1 /* Assets.xcassets in Resources */,
				A6498E121D1A40CC00ADD9E1 /* SimpleModel.json in Resources */,
				A6498E2A1D1A871500ADD9E1 /* Main.storyboard in Resources */,
				A6498E0B1D1A40CC00ADD9E1 /* ContainerModel.json in Resources */,
				A6498E081D1A40CC00ADD9E1 /* BlacklistAndWhitelist.json in Resources */,
				A6498E0F1D1A40CC00ADD9E1 /* DoubleModel.json in Resources */,
				A60645C01D20CFB400EFA8E6 /* timestamp.json in Resources */,
				A6498E0D1D1A40CC00ADD9E1 /* DifferentJSONKey.json in Resources */,
			);
			runOnlyForDeploymentPostprocessing = 0;
		};
/* End PBXResourcesBuildPhase section */

/* Begin PBXSourcesBuildPhase section */
		A6498DCF1D1A403B00ADD9E1 /* Sources */ = {
			isa = PBXSourcesBuildPhase;
			buildActionMask = 2147483647;
			files = (
				A60645C31D20D01400EFA8E6 /* TimeStampModel.m in Sources */,
				A6498E1B1D1A41C400ADD9E1 /* NSObject+YYModel.m in Sources */,
				A6498DDB1D1A403C00ADD9E1 /* AppDelegate.m in Sources */,
				A6498DD81D1A403C00ADD9E1 /* main.m in Sources */,
				A6498E071D1A40CC00ADD9E1 /* Author.m in Sources */,
				A6498DEF1D1A407800ADD9E1 /* BGTableViewController.m in Sources */,
				A6498E1C1D1A41C400ADD9E1 /* YYClassInfo.m in Sources */,
				A6498E131D1A40CC00ADD9E1 /* User.m in Sources */,
				A6498E0C1D1A40CC00ADD9E1 /* DataModel.m in Sources */,
				A60645C61D20DAE500EFA8E6 /* DemoModel.m in Sources */,
				A6498E0A1D1A40CC00ADD9E1 /* Book.m in Sources */,
				A6498E091D1A40CC00ADD9E1 /* BlacklistAndWhitelist.m in Sources */,
				A6498E261D1A437800ADD9E1 /* ContainerModel.m in Sources */,
				A6498E0E1D1A40CC00ADD9E1 /* DifferentJSONKey.m in Sources */,
			);
			runOnlyForDeploymentPostprocessing = 0;
		};
/* End PBXSourcesBuildPhase section */

/* Begin PBXVariantGroup section */
		A6498DE41D1A403C00ADD9E1 /* LaunchScreen.storyboard */ = {
			isa = PBXVariantGroup;
			children = (
				A6498DE51D1A403C00ADD9E1 /* Base */,
			);
			name = LaunchScreen.storyboard;
			sourceTree = "<group>";
		};
/* End PBXVariantGroup section */

/* Begin XCBuildConfiguration section */
		A6498DE81D1A403C00ADD9E1 /* Debug */ = {
			isa = XCBuildConfiguration;
			buildSettings = {
				ALWAYS_SEARCH_USER_PATHS = NO;
				CLANG_ANALYZER_NONNULL = YES;
				CLANG_CXX_LANGUAGE_STANDARD = "gnu++0x";
				CLANG_CXX_LIBRARY = "libc++";
				CLANG_ENABLE_MODULES = YES;
				CLANG_ENABLE_OBJC_ARC = YES;
				CLANG_WARN_BOOL_CONVERSION = YES;
				CLANG_WARN_CONSTANT_CONVERSION = YES;
				CLANG_WARN_DIRECT_OBJC_ISA_USAGE = YES_ERROR;
				CLANG_WARN_EMPTY_BODY = YES;
				CLANG_WARN_ENUM_CONVERSION = YES;
				CLANG_WARN_INT_CONVERSION = YES;
				CLANG_WARN_OBJC_ROOT_CLASS = YES_ERROR;
				CLANG_WARN_UNREACHABLE_CODE = YES;
				CLANG_WARN__DUPLICATE_METHOD_MATCH = YES;
				"CODE_SIGN_IDENTITY[sdk=iphoneos*]" = "iPhone Developer";
				COPY_PHASE_STRIP = NO;
				DEBUG_INFORMATION_FORMAT = dwarf;
				ENABLE_STRICT_OBJC_MSGSEND = YES;
				ENABLE_TESTABILITY = YES;
				GCC_C_LANGUAGE_STANDARD = gnu99;
				GCC_DYNAMIC_NO_PIC = NO;
				GCC_NO_COMMON_BLOCKS = YES;
				GCC_OPTIMIZATION_LEVEL = 0;
				GCC_PREPROCESSOR_DEFINITIONS = (
					"DEBUG=1",
					"$(inherited)",
				);
				GCC_WARN_64_TO_32_BIT_CONVERSION = YES;
				GCC_WARN_ABOUT_RETURN_TYPE = YES_ERROR;
				GCC_WARN_UNDECLARED_SELECTOR = YES;
				GCC_WARN_UNINITIALIZED_AUTOS = YES_AGGRESSIVE;
				GCC_WARN_UNUSED_FUNCTION = YES;
				GCC_WARN_UNUSED_VARIABLE = YES;
				IPHONEOS_DEPLOYMENT_TARGET = 9.3;
				MTL_ENABLE_DEBUG_INFO = YES;
				ONLY_ACTIVE_ARCH = YES;
				SDKROOT = iphoneos;
				TARGETED_DEVICE_FAMILY = "1,2";
			};
			name = Debug;
		};
		A6498DE91D1A403C00ADD9E1 /* Release */ = {
			isa = XCBuildConfiguration;
			buildSettings = {
				ALWAYS_SEARCH_USER_PATHS = NO;
				CLANG_ANALYZER_NONNULL = YES;
				CLANG_CXX_LANGUAGE_STANDARD = "gnu++0x";
				CLANG_CXX_LIBRARY = "libc++";
				CLANG_ENABLE_MODULES = YES;
				CLANG_ENABLE_OBJC_ARC = YES;
				CLANG_WARN_BOOL_CONVERSION = YES;
				CLANG_WARN_CONSTANT_CONVERSION = YES;
				CLANG_WARN_DIRECT_OBJC_ISA_USAGE = YES_ERROR;
				CLANG_WARN_EMPTY_BODY = YES;
				CLANG_WARN_ENUM_CONVERSION = YES;
				CLANG_WARN_INT_CONVERSION = YES;
				CLANG_WARN_OBJC_ROOT_CLASS = YES_ERROR;
				CLANG_WARN_UNREACHABLE_CODE = YES;
				CLANG_WARN__DUPLICATE_METHOD_MATCH = YES;
				"CODE_SIGN_IDENTITY[sdk=iphoneos*]" = "iPhone Developer";
				COPY_PHASE_STRIP = NO;
				DEBUG_INFORMATION_FORMAT = "dwarf-with-dsym";
				ENABLE_NS_ASSERTIONS = NO;
				ENABLE_STRICT_OBJC_MSGSEND = YES;
				GCC_C_LANGUAGE_STANDARD = gnu99;
				GCC_NO_COMMON_BLOCKS = YES;
				GCC_WARN_64_TO_32_BIT_CONVERSION = YES;
				GCC_WARN_ABOUT_RETURN_TYPE = YES_ERROR;
				GCC_WARN_UNDECLARED_SELECTOR = YES;
				GCC_WARN_UNINITIALIZED_AUTOS = YES_AGGRESSIVE;
				GCC_WARN_UNUSED_FUNCTION = YES;
				GCC_WARN_UNUSED_VARIABLE = YES;
				IPHONEOS_DEPLOYMENT_TARGET = 9.3;
				MTL_ENABLE_DEBUG_INFO = NO;
				SDKROOT = iphoneos;
				TARGETED_DEVICE_FAMILY = "1,2";
				VALIDATE_PRODUCT = YES;
			};
			name = Release;
		};
		A6498DEB1D1A403C00ADD9E1 /* Debug */ = {
			isa = XCBuildConfiguration;
			buildSettings = {
				ASSETCATALOG_COMPILER_APPICON_NAME = AppIcon;
				INFOPLIST_FILE = "YYModel-Demo/Info.plist";
				LD_RUNPATH_SEARCH_PATHS = "$(inherited) @executable_path/Frameworks";
				PRODUCT_BUNDLE_IDENTIFIER = "cn.sharma.www-bin.YYModel-Demo";
				PRODUCT_NAME = "$(TARGET_NAME)";
			};
			name = Debug;
		};
		A6498DEC1D1A403C00ADD9E1 /* Release */ = {
			isa = XCBuildConfiguration;
			buildSettings = {
				ASSETCATALOG_COMPILER_APPICON_NAME = AppIcon;
				INFOPLIST_FILE = "YYModel-Demo/Info.plist";
				LD_RUNPATH_SEARCH_PATHS = "$(inherited) @executable_path/Frameworks";
				PRODUCT_BUNDLE_IDENTIFIER = "cn.sharma.www-bin.YYModel-Demo";
				PRODUCT_NAME = "$(TARGET_NAME)";
			};
			name = Release;
		};
/* End XCBuildConfiguration section */

/* Begin XCConfigurationList section */
		A6498DCE1D1A403B00ADD9E1 /* Build configuration list for PBXProject "YYModel-Demo" */ = {
			isa = XCConfigurationList;
			buildConfigurations = (
				A6498DE81D1A403C00ADD9E1 /* Debug */,
				A6498DE91D1A403C00ADD9E1 /* Release */,
			);
			defaultConfigurationIsVisible = 0;
			defaultConfigurationName = Release;
		};
		A6498DEA1D1A403C00ADD9E1 /* Build configuration list for PBXNativeTarget "YYModel-Demo" */ = {
			isa = XCConfigurationList;
			buildConfigurations = (
				A6498DEB1D1A403C00ADD9E1 /* Debug */,
				A6498DEC1D1A403C00ADD9E1 /* Release */,
			);
			defaultConfigurationIsVisible = 0;
			defaultConfigurationName = Release;
		};
/* End XCConfigurationList section */
	};
	rootObject = A6498DCB1D1A403B00ADD9E1 /* Project object */;
}
